// !$*UTF8*$!
{
	archiveVersion = 1;
	classes = {
	};
	objectVersion = 56;
	objects = {

/* Begin PBXBuildFile section */
		D75CD9A02B4DE37700A0B168 /* AppDelegate.swift in Sources */ = {isa = PBXBuildFile; fileRef = D75CD99F2B4DE37700A0B168 /* AppDelegate.swift */; };
		D75CD9A42B4DE37700A0B168 /* LoginViewController.swift in Sources */ = {isa = PBXBuildFile; fileRef = D75CD9A32B4DE37700A0B168 /* LoginViewController.swift */; };
		D75CD9A92B4DE37900A0B168 /* Assets.xcassets in Resources */ = {isa = PBXBuildFile; fileRef = D75CD9A82B4DE37900A0B168 /* Assets.xcassets */; };
		D75CD9AC2B4DE37900A0B168 /* LaunchScreen.storyboard in Resources */ = {isa = PBXBuildFile; fileRef = D75CD9AA2B4DE37900A0B168 /* LaunchScreen.storyboard */; };
		D75CD9B72B4DE7B100A0B168 /* LoginView.swift in Sources */ = {isa = PBXBuildFile; fileRef = D75CD9B62B4DE7B100A0B168 /* LoginView.swift */; };
		D75CD9BA2B4EF03000A0B168 /* OnboardingContainerViewController.swift in Sources */ = {isa = PBXBuildFile; fileRef = D75CD9B92B4EF03000A0B168 /* OnboardingContainerViewController.swift */; };
		D75CD9BC2B4EF59B00A0B168 /* OnboardingViewController.swift in Sources */ = {isa = PBXBuildFile; fileRef = D75CD9BB2B4EF59B00A0B168 /* OnboardingViewController.swift */; };
		D75CD9BE2B50211900A0B168 /* DummyViewController.swift in Sources */ = {isa = PBXBuildFile; fileRef = D75CD9BD2B50211900A0B168 /* DummyViewController.swift */; };
		D75CD9C12B502A0C00A0B168 /* LocalState.swift in Sources */ = {isa = PBXBuildFile; fileRef = D75CD9C02B502A0C00A0B168 /* LocalState.swift */; };
		D75CD9C32B51728700A0B168 /* UIViewController+Utils.swift in Sources */ = {isa = PBXBuildFile; fileRef = D75CD9C22B51728700A0B168 /* UIViewController+Utils.swift */; };
		D75CD9C52B51738700A0B168 /* MainViewController.swift in Sources */ = {isa = PBXBuildFile; fileRef = D75CD9C42B51738700A0B168 /* MainViewController.swift */; };
		D75CD9C92B52A0EC00A0B168 /* AccountSummaryViewController.swift in Sources */ = {isa = PBXBuildFile; fileRef = D75CD9C82B52A0EC00A0B168 /* AccountSummaryViewController.swift */; };
		D75CD9CD2B52A3B900A0B168 /* AccountSummaryHeaderView.xib in Resources */ = {isa = PBXBuildFile; fileRef = D75CD9CC2B52A3B900A0B168 /* AccountSummaryHeaderView.xib */; };
		D75CD9D12B52A5DE00A0B168 /* AccountSummaryHeaderView.swift in Sources */ = {isa = PBXBuildFile; fileRef = D75CD9D02B52A5DE00A0B168 /* AccountSummaryHeaderView.swift */; };
		D75CD9D52B53DDD900A0B168 /* AccountSummaryCell.swift in Sources */ = {isa = PBXBuildFile; fileRef = D75CD9D42B53DDD900A0B168 /* AccountSummaryCell.swift */; };
		D75CD9D72B53F3A100A0B168 /* Decimal+Utils.swift in Sources */ = {isa = PBXBuildFile; fileRef = D75CD9D62B53F3A100A0B168 /* Decimal+Utils.swift */; };
		D75CD9D92B53F3EA00A0B168 /* CurrencyFormatter.swift in Sources */ = {isa = PBXBuildFile; fileRef = D75CD9D82B53F3EA00A0B168 /* CurrencyFormatter.swift */; };
		D75CD9E82B54298F00A0B168 /* CurrencyFormatterTest.swift in Sources */ = {isa = PBXBuildFile; fileRef = D75CD9E72B54298F00A0B168 /* CurrencyFormatterTest.swift */; };
		D75CD9EA2B557A9300A0B168 /* NSNotificationName.swift in Sources */ = {isa = PBXBuildFile; fileRef = D75CD9E92B557A9300A0B168 /* NSNotificationName.swift */; };
		D75CD9EC2B557C9900A0B168 /* UITextField+SecureToggle.swift in Sources */ = {isa = PBXBuildFile; fileRef = D75CD9EB2B557C9900A0B168 /* UITextField+SecureToggle.swift */; };
/* End PBXBuildFile section */

/* Begin PBXContainerItemProxy section */
		D75CD9E22B5428D100A0B168 /* PBXContainerItemProxy */ = {
			isa = PBXContainerItemProxy;
			containerPortal = D75CD9942B4DE37700A0B168 /* Project object */;
			proxyType = 1;
			remoteGlobalIDString = D75CD99B2B4DE37700A0B168;
			remoteInfo = Bankey;
		};
/* End PBXContainerItemProxy section */

/* Begin PBXFileReference section */
		D75CD99C2B4DE37700A0B168 /* Bankey.app */ = {isa = PBXFileReference; explicitFileType = wrapper.application; includeInIndex = 0; path = Bankey.app; sourceTree = BUILT_PRODUCTS_DIR; };
		D75CD99F2B4DE37700A0B168 /* AppDelegate.swift */ = {isa = PBXFileReference; lastKnownFileType = sourcecode.swift; path = AppDelegate.swift; sourceTree = "<group>"; };
		D75CD9A32B4DE37700A0B168 /* LoginViewController.swift */ = {isa = PBXFileReference; lastKnownFileType = sourcecode.swift; path = LoginViewController.swift; sourceTree = "<group>"; };
		D75CD9A82B4DE37900A0B168 /* Assets.xcassets */ = {isa = PBXFileReference; lastKnownFileType = folder.assetcatalog; path = Assets.xcassets; sourceTree = "<group>"; };
		D75CD9AB2B4DE37900A0B168 /* Base */ = {isa = PBXFileReference; lastKnownFileType = file.storyboard; name = Base; path = Base.lproj/LaunchScreen.storyboard; sourceTree = "<group>"; };
		D75CD9AD2B4DE37900A0B168 /* Info.plist */ = {isa = PBXFileReference; lastKnownFileType = text.plist.xml; path = Info.plist; sourceTree = "<group>"; };
		D75CD9B62B4DE7B100A0B168 /* LoginView.swift */ = {isa = PBXFileReference; lastKnownFileType = sourcecode.swift; path = LoginView.swift; sourceTree = "<group>"; };
		D75CD9B92B4EF03000A0B168 /* OnboardingContainerViewController.swift */ = {isa = PBXFileReference; lastKnownFileType = sourcecode.swift; path = OnboardingContainerViewController.swift; sourceTree = "<group>"; };
		D75CD9BB2B4EF59B00A0B168 /* OnboardingViewController.swift */ = {isa = PBXFileReference; lastKnownFileType = sourcecode.swift; path = OnboardingViewController.swift; sourceTree = "<group>"; };
		D75CD9BD2B50211900A0B168 /* DummyViewController.swift */ = {isa = PBXFileReference; lastKnownFileType = sourcecode.swift; path = DummyViewController.swift; sourceTree = "<group>"; };
		D75CD9C02B502A0C00A0B168 /* LocalState.swift */ = {isa = PBXFileReference; lastKnownFileType = sourcecode.swift; path = LocalState.swift; sourceTree = "<group>"; };
		D75CD9C22B51728700A0B168 /* UIViewController+Utils.swift */ = {isa = PBXFileReference; lastKnownFileType = sourcecode.swift; path = "UIViewController+Utils.swift"; sourceTree = "<group>"; };
		D75CD9C42B51738700A0B168 /* MainViewController.swift */ = {isa = PBXFileReference; lastKnownFileType = sourcecode.swift; path = MainViewController.swift; sourceTree = "<group>"; };
		D75CD9C82B52A0EC00A0B168 /* AccountSummaryViewController.swift */ = {isa = PBXFileReference; lastKnownFileType = sourcecode.swift; path = AccountSummaryViewController.swift; sourceTree = "<group>"; };
		D75CD9CC2B52A3B900A0B168 /* AccountSummaryHeaderView.xib */ = {isa = PBXFileReference; lastKnownFileType = file.xib; path = AccountSummaryHeaderView.xib; sourceTree = "<group>"; };
		D75CD9D02B52A5DE00A0B168 /* AccountSummaryHeaderView.swift */ = {isa = PBXFileReference; lastKnownFileType = sourcecode.swift; path = AccountSummaryHeaderView.swift; sourceTree = "<group>"; };
		D75CD9D42B53DDD900A0B168 /* AccountSummaryCell.swift */ = {isa = PBXFileReference; lastKnownFileType = sourcecode.swift; path = AccountSummaryCell.swift; sourceTree = "<group>"; };
		D75CD9D62B53F3A100A0B168 /* Decimal+Utils.swift */ = {isa = PBXFileReference; lastKnownFileType = sourcecode.swift; path = "Decimal+Utils.swift"; sourceTree = "<group>"; };
		D75CD9D82B53F3EA00A0B168 /* CurrencyFormatter.swift */ = {isa = PBXFileReference; lastKnownFileType = sourcecode.swift; path = CurrencyFormatter.swift; sourceTree = "<group>"; };
		D75CD9DE2B5428D000A0B168 /* BankeyUnitTests.xctest */ = {isa = PBXFileReference; explicitFileType = wrapper.cfbundle; includeInIndex = 0; path = BankeyUnitTests.xctest; sourceTree = BUILT_PRODUCTS_DIR; };
		D75CD9E72B54298F00A0B168 /* CurrencyFormatterTest.swift */ = {isa = PBXFileReference; lastKnownFileType = sourcecode.swift; path = CurrencyFormatterTest.swift; sourceTree = "<group>"; };
		D75CD9E92B557A9300A0B168 /* NSNotificationName.swift */ = {isa = PBXFileReference; lastKnownFileType = sourcecode.swift; path = NSNotificationName.swift; sourceTree = "<group>"; };
		D75CD9EB2B557C9900A0B168 /* UITextField+SecureToggle.swift */ = {isa = PBXFileReference; lastKnownFileType = sourcecode.swift; path = "UITextField+SecureToggle.swift"; sourceTree = "<group>"; };
/* End PBXFileReference section */

/* Begin PBXFrameworksBuildPhase section */
		D75CD9992B4DE37700A0B168 /* Frameworks */ = {
			isa = PBXFrameworksBuildPhase;
			buildActionMask = 2147483647;
			files = (
			);
			runOnlyForDeploymentPostprocessing = 0;
		};
		D75CD9DB2B5428D000A0B168 /* Frameworks */ = {
			isa = PBXFrameworksBuildPhase;
			buildActionMask = 2147483647;
			files = (
			);
			runOnlyForDeploymentPostprocessing = 0;
		};
/* End PBXFrameworksBuildPhase section */

/* Begin PBXGroup section */
		D75CD9932B4DE37700A0B168 = {
			isa = PBXGroup;
			children = (
				D75CD99E2B4DE37700A0B168 /* Bankey */,
				D75CD9DF2B5428D100A0B168 /* BankeyUnitTests */,
				D75CD99D2B4DE37700A0B168 /* Products */,
			);
			sourceTree = "<group>";
		};
		D75CD99D2B4DE37700A0B168 /* Products */ = {
			isa = PBXGroup;
			children = (
				D75CD99C2B4DE37700A0B168 /* Bankey.app */,
				D75CD9DE2B5428D000A0B168 /* BankeyUnitTests.xctest */,
			);
			name = Products;
			sourceTree = "<group>";
		};
		D75CD99E2B4DE37700A0B168 /* Bankey */ = {
			isa = PBXGroup;
			children = (
				D75CD99F2B4DE37700A0B168 /* AppDelegate.swift */,
				D75CD9C42B51738700A0B168 /* MainViewController.swift */,
				D75CD9B52B4DE78D00A0B168 /* Login */,
				D75CD9B82B4EEFFE00A0B168 /* Onboarding */,
				D75CD9C72B52A0DF00A0B168 /* AcoountSummary */,
				D75CD9BF2B502A0000A0B168 /* Utils */,
				D75CD9B32B4DE74300A0B168 /* Files */,
			);
			path = Bankey;
			sourceTree = "<group>";
		};
		D75CD9B32B4DE74300A0B168 /* Files */ = {
			isa = PBXGroup;
			children = (
				D75CD9A82B4DE37900A0B168 /* Assets.xcassets */,
				D75CD9AA2B4DE37900A0B168 /* LaunchScreen.storyboard */,
				D75CD9AD2B4DE37900A0B168 /* Info.plist */,
			);
			name = Files;
			sourceTree = "<group>";
		};
		D75CD9B52B4DE78D00A0B168 /* Login */ = {
			isa = PBXGroup;
			children = (
				D75CD9A32B4DE37700A0B168 /* LoginViewController.swift */,
				D75CD9B62B4DE7B100A0B168 /* LoginView.swift */,
				D75CD9BD2B50211900A0B168 /* DummyViewController.swift */,
			);
			path = Login;
			sourceTree = "<group>";
		};
		D75CD9B82B4EEFFE00A0B168 /* Onboarding */ = {
			isa = PBXGroup;
			children = (
				D75CD9B92B4EF03000A0B168 /* OnboardingContainerViewController.swift */,
				D75CD9BB2B4EF59B00A0B168 /* OnboardingViewController.swift */,
			);
			path = Onboarding;
			sourceTree = "<group>";
		};
		D75CD9BF2B502A0000A0B168 /* Utils */ = {
			isa = PBXGroup;
			children = (
				D75CD9C02B502A0C00A0B168 /* LocalState.swift */,
				D75CD9C22B51728700A0B168 /* UIViewController+Utils.swift */,
				D75CD9D62B53F3A100A0B168 /* Decimal+Utils.swift */,
				D75CD9D82B53F3EA00A0B168 /* CurrencyFormatter.swift */,
				D75CD9E92B557A9300A0B168 /* NSNotificationName.swift */,
				D75CD9EB2B557C9900A0B168 /* UITextField+SecureToggle.swift */,
			);
			path = Utils;
			sourceTree = "<group>";
		};
		D75CD9C72B52A0DF00A0B168 /* AcoountSummary */ = {
			isa = PBXGroup;
			children = (
				D75CD9C82B52A0EC00A0B168 /* AccountSummaryViewController.swift */,
				D75CD9D22B53DD9800A0B168 /* Header */,
				D75CD9D32B53DDAC00A0B168 /* Cells */,
			);
			path = AcoountSummary;
			sourceTree = "<group>";
		};
		D75CD9D22B53DD9800A0B168 /* Header */ = {
			isa = PBXGroup;
			children = (
				D75CD9CC2B52A3B900A0B168 /* AccountSummaryHeaderView.xib */,
				D75CD9D02B52A5DE00A0B168 /* AccountSummaryHeaderView.swift */,
			);
			path = Header;
			sourceTree = "<group>";
		};
		D75CD9D32B53DDAC00A0B168 /* Cells */ = {
			isa = PBXGroup;
			children = (
				D75CD9D42B53DDD900A0B168 /* AccountSummaryCell.swift */,
			);
			path = Cells;
			sourceTree = "<group>";
		};
		D75CD9DF2B5428D100A0B168 /* BankeyUnitTests */ = {
			isa = PBXGroup;
			children = (
				D75CD9E72B54298F00A0B168 /* CurrencyFormatterTest.swift */,
			);
			path = BankeyUnitTests;
			sourceTree = "<group>";
		};
/* End PBXGroup section */

/* Begin PBXNativeTarget section */
		D75CD99B2B4DE37700A0B168 /* Bankey */ = {
			isa = PBXNativeTarget;
			buildConfigurationList = D75CD9B02B4DE37900A0B168 /* Build configuration list for PBXNativeTarget "Bankey" */;
			buildPhases = (
				D75CD9982B4DE37700A0B168 /* Sources */,
				D75CD9992B4DE37700A0B168 /* Frameworks */,
				D75CD99A2B4DE37700A0B168 /* Resources */,
			);
			buildRules = (
			);
			dependencies = (
			);
			name = Bankey;
			productName = Bankey;
			productReference = D75CD99C2B4DE37700A0B168 /* Bankey.app */;
			productType = "com.apple.product-type.application";
		};
		D75CD9DD2B5428D000A0B168 /* BankeyUnitTests */ = {
			isa = PBXNativeTarget;
			buildConfigurationList = D75CD9E42B5428D100A0B168 /* Build configuration list for PBXNativeTarget "BankeyUnitTests" */;
			buildPhases = (
				D75CD9DA2B5428D000A0B168 /* Sources */,
				D75CD9DB2B5428D000A0B168 /* Frameworks */,
				D75CD9DC2B5428D000A0B168 /* Resources */,
			);
			buildRules = (
			);
			dependencies = (
				D75CD9E32B5428D100A0B168 /* PBXTargetDependency */,
			);
			name = BankeyUnitTests;
			productName = BankeyUnitTests;
			productReference = D75CD9DE2B5428D000A0B168 /* BankeyUnitTests.xctest */;
			productType = "com.apple.product-type.bundle.unit-test";
		};
/* End PBXNativeTarget section */

/* Begin PBXProject section */
		D75CD9942B4DE37700A0B168 /* Project object */ = {
			isa = PBXProject;
			attributes = {
				BuildIndependentTargetsInParallel = 1;
				LastSwiftUpdateCheck = 1430;
				LastUpgradeCheck = 1430;
				TargetAttributes = {
					D75CD99B2B4DE37700A0B168 = {
						CreatedOnToolsVersion = 14.3.1;
					};
					D75CD9DD2B5428D000A0B168 = {
						CreatedOnToolsVersion = 14.3.1;
						LastSwiftMigration = 1430;
						TestTargetID = D75CD99B2B4DE37700A0B168;
					};
				};
			};
			buildConfigurationList = D75CD9972B4DE37700A0B168 /* Build configuration list for PBXProject "Bankey" */;
			compatibilityVersion = "Xcode 14.0";
			developmentRegion = en;
			hasScannedForEncodings = 0;
			knownRegions = (
				en,
				Base,
			);
			mainGroup = D75CD9932B4DE37700A0B168;
			productRefGroup = D75CD99D2B4DE37700A0B168 /* Products */;
			projectDirPath = "";
			projectRoot = "";
			targets = (
				D75CD99B2B4DE37700A0B168 /* Bankey */,
				D75CD9DD2B5428D000A0B168 /* BankeyUnitTests */,
			);
		};
/* End PBXProject section */

/* Begin PBXResourcesBuildPhase section */
		D75CD99A2B4DE37700A0B168 /* Resources */ = {
			isa = PBXResourcesBuildPhase;
			buildActionMask = 2147483647;
			files = (
				D75CD9CD2B52A3B900A0B168 /* AccountSummaryHeaderView.xib in Resources */,
				D75CD9AC2B4DE37900A0B168 /* LaunchScreen.storyboard in Resources */,
				D75CD9A92B4DE37900A0B168 /* Assets.xcassets in Resources */,
			);
			runOnlyForDeploymentPostprocessing = 0;
		};
		D75CD9DC2B5428D000A0B168 /* Resources */ = {
			isa = PBXResourcesBuildPhase;
			buildActionMask = 2147483647;
			files = (
			);
			runOnlyForDeploymentPostprocessing = 0;
		};
/* End PBXResourcesBuildPhase section */

/* Begin PBXSourcesBuildPhase section */
		D75CD9982B4DE37700A0B168 /* Sources */ = {
			isa = PBXSourcesBuildPhase;
			buildActionMask = 2147483647;
			files = (
				D75CD9C32B51728700A0B168 /* UIViewController+Utils.swift in Sources */,
				D75CD9B72B4DE7B100A0B168 /* LoginView.swift in Sources */,
				D75CD9C12B502A0C00A0B168 /* LocalState.swift in Sources */,
				D75CD9D12B52A5DE00A0B168 /* AccountSummaryHeaderView.swift in Sources */,
				D75CD9EC2B557C9900A0B168 /* UITextField+SecureToggle.swift in Sources */,
				D75CD9BE2B50211900A0B168 /* DummyViewController.swift in Sources */,
				D75CD9D92B53F3EA00A0B168 /* CurrencyFormatter.swift in Sources */,
				D75CD9A42B4DE37700A0B168 /* LoginViewController.swift in Sources */,
				D75CD9EA2B557A9300A0B168 /* NSNotificationName.swift in Sources */,
				D75CD9D72B53F3A100A0B168 /* Decimal+Utils.swift in Sources */,
				D75CD9D52B53DDD900A0B168 /* AccountSummaryCell.swift in Sources */,
				D75CD9BC2B4EF59B00A0B168 /* OnboardingViewController.swift in Sources */,
				D75CD9C52B51738700A0B168 /* MainViewController.swift in Sources */,
				D75CD9C92B52A0EC00A0B168 /* AccountSummaryViewController.swift in Sources */,
				D75CD9A02B4DE37700A0B168 /* AppDelegate.swift in Sources */,
				D75CD9BA2B4EF03000A0B168 /* OnboardingContainerViewController.swift in Sources */,
			);
			runOnlyForDeploymentPostprocessing = 0;
		};
		D75CD9DA2B5428D000A0B168 /* Sources */ = {
			isa = PBXSourcesBuildPhase;
			buildActionMask = 2147483647;
			files = (
				D75CD9E82B54298F00A0B168 /* CurrencyFormatterTest.swift in Sources */,
			);
			runOnlyForDeploymentPostprocessing = 0;
		};
/* End PBXSourcesBuildPhase section */

/* Begin PBXTargetDependency section */
		D75CD9E32B5428D100A0B168 /* PBXTargetDependency */ = {
			isa = PBXTargetDependency;
			target = D75CD99B2B4DE37700A0B168 /* Bankey */;
			targetProxy = D75CD9E22B5428D100A0B168 /* PBXContainerItemProxy */;
		};
/* End PBXTargetDependency section */

/* Begin PBXVariantGroup section */
		D75CD9AA2B4DE37900A0B168 /* LaunchScreen.storyboard */ = {
			isa = PBXVariantGroup;
			children = (
				D75CD9AB2B4DE37900A0B168 /* Base */,
			);
			name = LaunchScreen.storyboard;
			sourceTree = "<group>";
		};
/* End PBXVariantGroup section */

/* Begin XCBuildConfiguration section */
		D75CD9AE2B4DE37900A0B168 /* Debug */ = {
			isa = XCBuildConfiguration;
			buildSettings = {
				ALWAYS_SEARCH_USER_PATHS = NO;
				CLANG_ANALYZER_NONNULL = YES;
				CLANG_ANALYZER_NUMBER_OBJECT_CONVERSION = YES_AGGRESSIVE;
				CLANG_CXX_LANGUAGE_STANDARD = "gnu++20";
				CLANG_ENABLE_MODULES = YES;
				CLANG_ENABLE_OBJC_ARC = YES;
				CLANG_ENABLE_OBJC_WEAK = YES;
				CLANG_WARN_BLOCK_CAPTURE_AUTORELEASING = YES;
				CLANG_WARN_BOOL_CONVERSION = YES;
				CLANG_WARN_COMMA = YES;
				CLANG_WARN_CONSTANT_CONVERSION = YES;
				CLANG_WARN_DEPRECATED_OBJC_IMPLEMENTATIONS = YES;
				CLANG_WARN_DIRECT_OBJC_ISA_USAGE = YES_ERROR;
				CLANG_WARN_DOCUMENTATION_COMMENTS = YES;
				CLANG_WARN_EMPTY_BODY = YES;
				CLANG_WARN_ENUM_CONVERSION = YES;
				CLANG_WARN_INFINITE_RECURSION = YES;
				CLANG_WARN_INT_CONVERSION = YES;
				CLANG_WARN_NON_LITERAL_NULL_CONVERSION = YES;
				CLANG_WARN_OBJC_IMPLICIT_RETAIN_SELF = YES;
				CLANG_WARN_OBJC_LITERAL_CONVERSION = YES;
				CLANG_WARN_OBJC_ROOT_CLASS = YES_ERROR;
				CLANG_WARN_QUOTED_INCLUDE_IN_FRAMEWORK_HEADER = YES;
				CLANG_WARN_RANGE_LOOP_ANALYSIS = YES;
				CLANG_WARN_STRICT_PROTOTYPES = YES;
				CLANG_WARN_SUSPICIOUS_MOVE = YES;
				CLANG_WARN_UNGUARDED_AVAILABILITY = YES_AGGRESSIVE;
				CLANG_WARN_UNREACHABLE_CODE = YES;
				CLANG_WARN__DUPLICATE_METHOD_MATCH = YES;
				COPY_PHASE_STRIP = NO;
				DEBUG_INFORMATION_FORMAT = dwarf;
				ENABLE_STRICT_OBJC_MSGSEND = YES;
				ENABLE_TESTABILITY = YES;
				GCC_C_LANGUAGE_STANDARD = gnu11;
				GCC_DYNAMIC_NO_PIC = NO;
				GCC_NO_COMMON_BLOCKS = YES;
				GCC_OPTIMIZATION_LEVEL = 0;
				GCC_PREPROCESSOR_DEFINITIONS = (
					"DEBUG=1",
					"$(inherited)",
				);
				GCC_WARN_64_TO_32_BIT_CONVERSION = YES;
				GCC_WARN_ABOUT_RETURN_TYPE = YES_ERROR;
				GCC_WARN_UNDECLARED_SELECTOR = YES;
				GCC_WARN_UNINITIALIZED_AUTOS = YES_AGGRESSIVE;
				GCC_WARN_UNUSED_FUNCTION = YES;
				GCC_WARN_UNUSED_VARIABLE = YES;
				IPHONEOS_DEPLOYMENT_TARGET = 16.4;
				MTL_ENABLE_DEBUG_INFO = INCLUDE_SOURCE;
				MTL_FAST_MATH = YES;
				ONLY_ACTIVE_ARCH = YES;
				SDKROOT = iphoneos;
				SWIFT_ACTIVE_COMPILATION_CONDITIONS = DEBUG;
				SWIFT_OPTIMIZATION_LEVEL = "-Onone";
			};
			name = Debug;
		};
		D75CD9AF2B4DE37900A0B168 /* Release */ = {
			isa = XCBuildConfiguration;
			buildSettings = {
				ALWAYS_SEARCH_USER_PATHS = NO;
				CLANG_ANALYZER_NONNULL = YES;
				CLANG_ANALYZER_NUMBER_OBJECT_CONVERSION = YES_AGGRESSIVE;
				CLANG_CXX_LANGUAGE_STANDARD = "gnu++20";
				CLANG_ENABLE_MODULES = YES;
				CLANG_ENABLE_OBJC_ARC = YES;
				CLANG_ENABLE_OBJC_WEAK = YES;
				CLANG_WARN_BLOCK_CAPTURE_AUTORELEASING = YES;
				CLANG_WARN_BOOL_CONVERSION = YES;
				CLANG_WARN_COMMA = YES;
				CLANG_WARN_CONSTANT_CONVERSION = YES;
				CLANG_WARN_DEPRECATED_OBJC_IMPLEMENTATIONS = YES;
				CLANG_WARN_DIRECT_OBJC_ISA_USAGE = YES_ERROR;
				CLANG_WARN_DOCUMENTATION_COMMENTS = YES;
				CLANG_WARN_EMPTY_BODY = YES;
				CLANG_WARN_ENUM_CONVERSION = YES;
				CLANG_WARN_INFINITE_RECURSION = YES;
				CLANG_WARN_INT_CONVERSION = YES;
				CLANG_WARN_NON_LITERAL_NULL_CONVERSION = YES;
				CLANG_WARN_OBJC_IMPLICIT_RETAIN_SELF = YES;
				CLANG_WARN_OBJC_LITERAL_CONVERSION = YES;
				CLANG_WARN_OBJC_ROOT_CLASS = YES_ERROR;
				CLANG_WARN_QUOTED_INCLUDE_IN_FRAMEWORK_HEADER = YES;
				CLANG_WARN_RANGE_LOOP_ANALYSIS = YES;
				CLANG_WARN_STRICT_PROTOTYPES = YES;
				CLANG_WARN_SUSPICIOUS_MOVE = YES;
				CLANG_WARN_UNGUARDED_AVAILABILITY = YES_AGGRESSIVE;
				CLANG_WARN_UNREACHABLE_CODE = YES;
				CLANG_WARN__DUPLICATE_METHOD_MATCH = YES;
				COPY_PHASE_STRIP = NO;
				DEBUG_INFORMATION_FORMAT = "dwarf-with-dsym";
				ENABLE_NS_ASSERTIONS = NO;
				ENABLE_STRICT_OBJC_MSGSEND = YES;
				GCC_C_LANGUAGE_STANDARD = gnu11;
				GCC_NO_COMMON_BLOCKS = YES;
				GCC_WARN_64_TO_32_BIT_CONVERSION = YES;
				GCC_WARN_ABOUT_RETURN_TYPE = YES_ERROR;
				GCC_WARN_UNDECLARED_SELECTOR = YES;
				GCC_WARN_UNINITIALIZED_AUTOS = YES_AGGRESSIVE;
				GCC_WARN_UNUSED_FUNCTION = YES;
				GCC_WARN_UNUSED_VARIABLE = YES;
				IPHONEOS_DEPLOYMENT_TARGET = 16.4;
				MTL_ENABLE_DEBUG_INFO = NO;
				MTL_FAST_MATH = YES;
				SDKROOT = iphoneos;
				SWIFT_COMPILATION_MODE = wholemodule;
				SWIFT_OPTIMIZATION_LEVEL = "-O";
				VALIDATE_PRODUCT = YES;
			};
			name = Release;
		};
		D75CD9B12B4DE37900A0B168 /* Debug */ = {
			isa = XCBuildConfiguration;
			buildSettings = {
				ASSETCATALOG_COMPILER_APPICON_NAME = AppIcon;
				ASSETCATALOG_COMPILER_GLOBAL_ACCENT_COLOR_NAME = AccentColor;
				CODE_SIGN_STYLE = Automatic;
				CURRENT_PROJECT_VERSION = 1;
				DEVELOPMENT_TEAM = PG8FB2GHQZ;
				GENERATE_INFOPLIST_FILE = YES;
				INFOPLIST_FILE = Bankey/Info.plist;
				INFOPLIST_KEY_UIApplicationSupportsIndirectInputEvents = YES;
				INFOPLIST_KEY_UILaunchStoryboardName = LaunchScreen;
				INFOPLIST_KEY_UISupportedInterfaceOrientations_iPad = "UIInterfaceOrientationPortrait UIInterfaceOrientationPortraitUpsideDown UIInterfaceOrientationLandscapeLeft UIInterfaceOrientationLandscapeRight";
				INFOPLIST_KEY_UISupportedInterfaceOrientations_iPhone = "UIInterfaceOrientationPortrait UIInterfaceOrientationLandscapeLeft UIInterfaceOrientationLandscapeRight";
				LD_RUNPATH_SEARCH_PATHS = (
					"$(inherited)",
					"@executable_path/Frameworks",
				);
				MARKETING_VERSION = 1.0;
				PRODUCT_BUNDLE_IDENTIFIER = com.Gulfem.Bankey;
				PRODUCT_NAME = "$(TARGET_NAME)";
				SWIFT_EMIT_LOC_STRINGS = YES;
				SWIFT_VERSION = 5.0;
				TARGETED_DEVICE_FAMILY = "1,2";
			};
			name = Debug;
		};
		D75CD9B22B4DE37900A0B168 /* Release */ = {
			isa = XCBuildConfiguration;
			buildSettings = {
				ASSETCATALOG_COMPILER_APPICON_NAME = AppIcon;
				ASSETCATALOG_COMPILER_GLOBAL_ACCENT_COLOR_NAME = AccentColor;
				CODE_SIGN_STYLE = Automatic;
				CURRENT_PROJECT_VERSION = 1;
				DEVELOPMENT_TEAM = PG8FB2GHQZ;
				GENERATE_INFOPLIST_FILE = YES;
				INFOPLIST_FILE = Bankey/Info.plist;
				INFOPLIST_KEY_UIApplicationSupportsIndirectInputEvents = YES;
				INFOPLIST_KEY_UILaunchStoryboardName = LaunchScreen;
				INFOPLIST_KEY_UISupportedInterfaceOrientations_iPad = "UIInterfaceOrientationPortrait UIInterfaceOrientationPortraitUpsideDown UIInterfaceOrientationLandscapeLeft UIInterfaceOrientationLandscapeRight";
				INFOPLIST_KEY_UISupportedInterfaceOrientations_iPhone = "UIInterfaceOrientationPortrait UIInterfaceOrientationLandscapeLeft UIInterfaceOrientationLandscapeRight";
				LD_RUNPATH_SEARCH_PATHS = (
					"$(inherited)",
					"@executable_path/Frameworks",
				);
				MARKETING_VERSION = 1.0;
				PRODUCT_BUNDLE_IDENTIFIER = com.Gulfem.Bankey;
				PRODUCT_NAME = "$(TARGET_NAME)";
				SWIFT_EMIT_LOC_STRINGS = YES;
				SWIFT_VERSION = 5.0;
				TARGETED_DEVICE_FAMILY = "1,2";
			};
			name = Release;
		};
		D75CD9E52B5428D100A0B168 /* Debug */ = {
			isa = XCBuildConfiguration;
			buildSettings = {
				BUNDLE_LOADER = "$(TEST_HOST)";
				CLANG_ENABLE_MODULES = YES;
				CODE_SIGN_STYLE = Automatic;
				CURRENT_PROJECT_VERSION = 1;
				DEVELOPMENT_TEAM = PG8FB2GHQZ;
				GENERATE_INFOPLIST_FILE = YES;
				MARKETING_VERSION = 1.0;
				PRODUCT_BUNDLE_IDENTIFIER = com.Gulfem.BankeyUnitTests;
				PRODUCT_NAME = "$(TARGET_NAME)";
				SWIFT_EMIT_LOC_STRINGS = NO;
				SWIFT_OPTIMIZATION_LEVEL = "-Onone";
				SWIFT_VERSION = 5.0;
				TARGETED_DEVICE_FAMILY = "1,2";
				TEST_HOST = "$(BUILT_PRODUCTS_DIR)/Bankey.app/$(BUNDLE_EXECUTABLE_FOLDER_PATH)/Bankey";
			};
			name = Debug;
		};
		D75CD9E62B5428D100A0B168 /* Release */ = {
			isa = XCBuildConfiguration;
			buildSettings = {
				BUNDLE_LOADER = "$(TEST_HOST)";
				CLANG_ENABLE_MODULES = YES;
				CODE_SIGN_STYLE = Automatic;
				CURRENT_PROJECT_VERSION = 1;
				DEVELOPMENT_TEAM = PG8FB2GHQZ;
				GENERATE_INFOPLIST_FILE = YES;
				MARKETING_VERSION = 1.0;
				PRODUCT_BUNDLE_IDENTIFIER = com.Gulfem.BankeyUnitTests;
				PRODUCT_NAME = "$(TARGET_NAME)";
				SWIFT_EMIT_LOC_STRINGS = NO;
				SWIFT_VERSION = 5.0;
				TARGETED_DEVICE_FAMILY = "1,2";
				TEST_HOST = "$(BUILT_PRODUCTS_DIR)/Bankey.app/$(BUNDLE_EXECUTABLE_FOLDER_PATH)/Bankey";
			};
			name = Release;
		};
/* End XCBuildConfiguration section */

/* Begin XCConfigurationList section */
		D75CD9972B4DE37700A0B168 /* Build configuration list for PBXProject "Bankey" */ = {
			isa = XCConfigurationList;
			buildConfigurations = (
				D75CD9AE2B4DE37900A0B168 /* Debug */,
				D75CD9AF2B4DE37900A0B168 /* Release */,
			);
			defaultConfigurationIsVisible = 0;
			defaultConfigurationName = Release;
		};
		D75CD9B02B4DE37900A0B168 /* Build configuration list for PBXNativeTarget "Bankey" */ = {
			isa = XCConfigurationList;
			buildConfigurations = (
				D75CD9B12B4DE37900A0B168 /* Debug */,
				D75CD9B22B4DE37900A0B168 /* Release */,
			);
			defaultConfigurationIsVisible = 0;
			defaultConfigurationName = Release;
		};
		D75CD9E42B5428D100A0B168 /* Build configuration list for PBXNativeTarget "BankeyUnitTests" */ = {
			isa = XCConfigurationList;
			buildConfigurations = (
				D75CD9E52B5428D100A0B168 /* Debug */,
				D75CD9E62B5428D100A0B168 /* Release */,
			);
			defaultConfigurationIsVisible = 0;
			defaultConfigurationName = Release;
		};
/* End XCConfigurationList section */
	};
	rootObject = D75CD9942B4DE37700A0B168 /* Project object */;
}
